
Microsoft Visual Studio Solution File, Format Version 11.00
# Visual Studio 2010
Project("{FAE04EC0-301F-11D3-BF4B-00C04F79EFBC}") = "Portoa", "Src\Portoa\Portoa.csproj", "{FE1019C1-D129-48B4-9026-A4B06039D258}"
EndProject
Project("{FAE04EC0-301F-11D3-BF4B-00C04F79EFBC}") = "Portoa.NHibernate", "Src\Portoa.NHibernate\Portoa.NHibernate.csproj", "{E1EF75C3-80CC-4A0E-B5A3-8C7758C85177}"
EndProject
Project("{FAE04EC0-301F-11D3-BF4B-00C04F79EFBC}") = "Portoa.Web", "Src\Portoa.Web\Portoa.Web.csproj", "{7C208EF0-7430-49E6-975F-35C54DF36231}"
EndProject
Project("{FAE04EC0-301F-11D3-BF4B-00C04F79EFBC}") = "Portoa.Web.Tests", "Tests\Portoa.Web.Tests\Portoa.Web.Tests.csproj", "{DAEB3C41-EFF8-4E32-B84D-D3CD894667A9}"
EndProject
Project("{2150E333-8FDC-42A3-9474-1A3956D46DE8}") = "Src", "Src", "{DDAE992F-95A1-4BA3-8513-81107A5A430A}"
EndProject
Project("{2150E333-8FDC-42A3-9474-1A3956D46DE8}") = "Tests", "Tests", "{34662050-EC53-45F2-8BE5-C7BACAC410AA}"
EndProject
Project("{FAE04EC0-301F-11D3-BF4B-00C04F79EFBC}") = "Portoa.Lucene", "Src\Portoa.Lucene\Portoa.Lucene.csproj", "{533A400E-1C74-42D4-A813-E4326D788F4B}"
EndProject
Project("{FAE04EC0-301F-11D3-BF4B-00C04F79EFBC}") = "Portoa.Tests", "Tests\Portoa.Tests\Portoa.Tests.csproj", "{C52BB79D-6206-46B4-A9D0-E0219FF9E2DC}"
EndProject
Global
	GlobalSection(SolutionConfigurationPlatforms) = preSolution
		Debug|Any CPU = Debug|Any CPU
		Release|Any CPU = Release|Any CPU
	EndGlobalSection
	GlobalSection(ProjectConfigurationPlatforms) = postSolution
		{FE1019C1-D129-48B4-9026-A4B06039D258}.Debug|Any CPU.ActiveCfg = Debug|Any CPU
		{FE1019C1-D129-48B4-9026-A4B06039D258}.Debug|Any CPU.Build.0 = Debug|Any CPU
		{FE1019C1-D129-48B4-9026-A4B06039D258}.Release|Any CPU.ActiveCfg = Release|Any CPU
		{FE1019C1-D129-48B4-9026-A4B06039D258}.Release|Any CPU.Build.0 = Release|Any CPU
		{E1EF75C3-80CC-4A0E-B5A3-8C7758C85177}.Debug|Any CPU.ActiveCfg = Debug|Any CPU
		{E1EF75C3-80CC-4A0E-B5A3-8C7758C85177}.Debug|Any CPU.Build.0 = Debug|Any CPU
		{E1EF75C3-80CC-4A0E-B5A3-8C7758C85177}.Release|Any CPU.ActiveCfg = Release|Any CPU
		{E1EF75C3-80CC-4A0E-B5A3-8C7758C85177}.Release|Any CPU.Build.0 = Release|Any CPU
		{7C208EF0-7430-49E6-975F-35C54DF36231}.Debug|Any CPU.ActiveCfg = Debug|Any CPU
		{7C208EF0-7430-49E6-975F-35C54DF36231}.Debug|Any CPU.Build.0 = Debug|Any CPU
		{7C208EF0-7430-49E6-975F-35C54DF36231}.Release|Any CPU.ActiveCfg = Release|Any CPU
		{7C208EF0-7430-49E6-975F-35C54DF36231}.Release|Any CPU.Build.0 = Release|Any CPU
		{DAEB3C41-EFF8-4E32-B84D-D3CD894667A9}.Debug|Any CPU.ActiveCfg = Debug|Any CPU
		{DAEB3C41-EFF8-4E32-B84D-D3CD894667A9}.Debug|Any CPU.Build.0 = Debug|Any CPU
		{DAEB3C41-EFF8-4E32-B84D-D3CD894667A9}.Release|Any CPU.ActiveCfg = Release|Any CPU
		{DAEB3C41-EFF8-4E32-B84D-D3CD894667A9}.Release|Any CPU.Build.0 = Release|Any CPU
		{533A400E-1C74-42D4-A813-E4326D788F4B}.Debug|Any CPU.ActiveCfg = Debug|Any CPU
		{533A400E-1C74-42D4-A813-E4326D788F4B}.Debug|Any CPU.Build.0 = Debug|Any CPU
		{533A400E-1C74-42D4-A813-E4326D788F4B}.Release|Any CPU.ActiveCfg = Release|Any CPU
		{533A400E-1C74-42D4-A813-E4326D788F4B}.Release|Any CPU.Build.0 = Release|Any CPU
		{C52BB79D-6206-46B4-A9D0-E0219FF9E2DC}.Debug|Any CPU.ActiveCfg = Debug|Any CPU
		{C52BB79D-6206-46B4-A9D0-E0219FF9E2DC}.Debug|Any CPU.Build.0 = Debug|Any CPU
		{C52BB79D-6206-46B4-A9D0-E0219FF9E2DC}.Release|Any CPU.ActiveCfg = Release|Any CPU
		{C52BB79D-6206-46B4-A9D0-E0219FF9E2DC}.Release|Any CPU.Build.0 = Release|Any CPU
		{33589DDE-1987-43C8-9B5B-4A6EF19A6E92}.Debug|Any CPU.ActiveCfg = Debug|Any CPU
		{33589DDE-1987-43C8-9B5B-4A6EF19A6E92}.Debug|Any CPU.Build.0 = Debug|Any CPU
		{33589DDE-1987-43C8-9B5B-4A6EF19A6E92}.Release|Any CPU.ActiveCfg = Release|Any CPU
		{33589DDE-1987-43C8-9B5B-4A6EF19A6E92}.Release|Any CPU.Build.0 = Release|Any CPU
		{43566F7D-0FCB-4611-B9D8-15E0EF82937E}.Debug|Any CPU.ActiveCfg = Debug|Any CPU
		{43566F7D-0FCB-4611-B9D8-15E0EF82937E}.Debug|Any CPU.Build.0 = Debug|Any CPU
		{43566F7D-0FCB-4611-B9D8-15E0EF82937E}.Release|Any CPU.ActiveCfg = Release|Any CPU
		{43566F7D-0FCB-4611-B9D8-15E0EF82937E}.Release|Any CPU.Build.0 = Release|Any CPU
		{283F35CD-50F6-4244-A5A9-10F58C2EF430}.Debug|Any CPU.ActiveCfg = Debug|Any CPU
		{283F35CD-50F6-4244-A5A9-10F58C2EF430}.Debug|Any CPU.Build.0 = Debug|Any CPU
		{283F35CD-50F6-4244-A5A9-10F58C2EF430}.Release|Any CPU.ActiveCfg = Release|Any CPU
		{283F35CD-50F6-4244-A5A9-10F58C2EF430}.Release|Any CPU.Build.0 = Release|Any CPU
		{D7FA9E87-4848-4B17-B485-71DFDA8E6F9A}.Debug|Any CPU.ActiveCfg = Debug|Any CPU
		{D7FA9E87-4848-4B17-B485-71DFDA8E6F9A}.Debug|Any CPU.Build.0 = Debug|Any CPU
		{D7FA9E87-4848-4B17-B485-71DFDA8E6F9A}.Release|Any CPU.ActiveCfg = Release|Any CPU
		{D7FA9E87-4848-4B17-B485-71DFDA8E6F9A}.Release|Any CPU.Build.0 = Release|Any CPU
	EndGlobalSection
	GlobalSection(SolutionProperties) = preSolution
		HideSolutionNode = FALSE
	EndGlobalSection
	GlobalSection(NestedProjects) = preSolution
		{E1EF75C3-80CC-4A0E-B5A3-8C7758C85177} = {DDAE992F-95A1-4BA3-8513-81107A5A430A}
		{7C208EF0-7430-49E6-975F-35C54DF36231} = {DDAE992F-95A1-4BA3-8513-81107A5A430A}
		{FE1019C1-D129-48B4-9026-A4B06039D258} = {DDAE992F-95A1-4BA3-8513-81107A5A430A}
		{533A400E-1C74-42D4-A813-E4326D788F4B} = {DDAE992F-95A1-4BA3-8513-81107A5A430A}
		{33589DDE-1987-43C8-9B5B-4A6EF19A6E92} = {DDAE992F-95A1-4BA3-8513-81107A5A430A}
		{283F35CD-50F6-4244-A5A9-10F58C2EF430} = {DDAE992F-95A1-4BA3-8513-81107A5A430A}
		{DAEB3C41-EFF8-4E32-B84D-D3CD894667A9} = {34662050-EC53-45F2-8BE5-C7BACAC410AA}
		{C52BB79D-6206-46B4-A9D0-E0219FF9E2DC} = {34662050-EC53-45F2-8BE5-C7BACAC410AA}
		{43566F7D-0FCB-4611-B9D8-15E0EF82937E} = {34662050-EC53-45F2-8BE5-C7BACAC410AA}
		{D7FA9E87-4848-4B17-B485-71DFDA8E6F9A} = {34662050-EC53-45F2-8BE5-C7BACAC410AA}
	EndGlobalSection
EndGlobal
